
Microsoft Visual Studio Solution File, Format Version 12.00
# Visual Studio Version 17
VisualStudioVersion = 17.13.35828.75
MinimumVisualStudioVersion = 10.0.40219.1
Project("{FAE04EC0-301F-11D3-BF4B-00C04F79EFBC}") = "BlazorUI", "BlazorUI\BlazorUI.csproj", "{CEE25DEA-C13D-41C7-BEA3-D54A346D4D75}"
EndProject
Project("{FAE04EC0-301F-11D3-BF4B-00C04F79EFBC}") = "Backend", "Backend\Backend.csproj", "{B4287BB5-FEEB-4BF9-8B89-7D0EEC86D9C2}"
EndProject
Project("{2150E333-8FDC-42A3-9474-1A3956D46DE8}") = "Solution Items", "Solution Items", "{8EC462FD-D22E-90A8-E5CE-7E832BA40C5D}"
	ProjectSection(SolutionItems) = preProject
		..\README.md = ..\README.md
	EndProjectSection
EndProject
Project("{FAE04EC0-301F-11D3-BF4B-00C04F79EFBC}") = "Tests", "Tests\Tests.csproj", "{BCDEE4CD-496E-475D-95B8-91A19566A3C0}"
EndProject
Global
	GlobalSection(SolutionConfigurationPlatforms) = preSolution
		Debug|Any CPU = Debug|Any CPU
		Release|Any CPU = Release|Any CPU
	EndGlobalSection
	GlobalSection(ProjectConfigurationPlatforms) = postSolution
		{CEE25DEA-C13D-41C7-BEA3-D54A346D4D75}.Debug|Any CPU.ActiveCfg = Debug|Any CPU
		{CEE25DEA-C13D-41C7-BEA3-D54A346D4D75}.Debug|Any CPU.Build.0 = Debug|Any CPU
		{CEE25DEA-C13D-41C7-BEA3-D54A346D4D75}.Release|Any CPU.ActiveCfg = Release|Any CPU
		{CEE25DEA-C13D-41C7-BEA3-D54A346D4D75}.Release|Any CPU.Build.0 = Release|Any CPU
		{B4287BB5-FEEB-4BF9-8B89-7D0EEC86D9C2}.Debug|Any CPU.ActiveCfg = Debug|Any CPU
		{B4287BB5-FEEB-4BF9-8B89-7D0EEC86D9C2}.Debug|Any CPU.Build.0 = Debug|Any CPU
		{B4287BB5-FEEB-4BF9-8B89-7D0EEC86D9C2}.Release|Any CPU.ActiveCfg = Release|Any CPU
		{B4287BB5-FEEB-4BF9-8B89-7D0EEC86D9C2}.Release|Any CPU.Build.0 = Release|Any CPU
		{BCDEE4CD-496E-475D-95B8-91A19566A3C0}.Debug|Any CPU.ActiveCfg = Debug|Any CPU
		{BCDEE4CD-496E-475D-95B8-91A19566A3C0}.Debug|Any CPU.Build.0 = Debug|Any CPU
		{BCDEE4CD-496E-475D-95B8-91A19566A3C0}.Release|Any CPU.ActiveCfg = Release|Any CPU
		{BCDEE4CD-496E-475D-95B8-91A19566A3C0}.Release|Any CPU.Build.0 = Release|Any CPU
	EndGlobalSection
	GlobalSection(SolutionProperties) = preSolution
		HideSolutionNode = FALSE
	EndGlobalSection
	GlobalSection(ExtensibilityGlobals) = postSolution
		SolutionGuid = {29811D08-CAF5-45DE-B260-7734F84F298B}
	EndGlobalSection
EndGlobal
